PODS:
  - AFNetworking (2.2.4):
    - AFNetworking/NSURLConnection (= 2.2.4)
    - AFNetworking/NSURLSession (= 2.2.4)
    - AFNetworking/Reachability (= 2.2.4)
    - AFNetworking/Security (= 2.2.4)
    - AFNetworking/Serialization (= 2.2.4)
    - AFNetworking/UIKit (= 2.2.4)
  - AFNetworking/NSURLConnection (2.2.4):
    - AFNetworking/Reachability
    - AFNetworking/Security
    - AFNetworking/Serialization
  - AFNetworking/NSURLSession (2.2.4):
    - AFNetworking/NSURLConnection
  - AFNetworking/Reachability (2.2.4)
  - AFNetworking/Security (2.2.4)
  - AFNetworking/Serialization (2.2.4)
  - AFNetworking/UIKit (2.2.4):
    - AFNetworking/NSURLConnection
    - AFNetworking/NSURLSession
  - DACircularProgress (2.2.0)
  - DZNEmptyDataSet (1.5.2)
  - DZNPhotoPickerController (1.4.5):
    - AFNetworking (~> 2.2)
    - DZNEmptyDataSet
    - DZNPhotoPickerController/UIImagePickerControllerExtended (= 1.4.5)
    - SDWebImage (~> 3.6)
  - DZNPhotoPickerController/UIImagePickerControllerExtended (1.4.5):
    - AFNetworking (~> 2.2)
    - DZNEmptyDataSet
    - SDWebImage (~> 3.6)
  - FormatterKit (1.4.3):
    - FormatterKit/AddressFormatter (= 1.4.3)
    - FormatterKit/ArrayFormatter (= 1.4.3)
    - FormatterKit/ColorFormatter (= 1.4.3)
    - FormatterKit/LocationFormatter (= 1.4.3)
    - FormatterKit/OrdinalNumberFormatter (= 1.4.3)
    - FormatterKit/TimeIntervalFormatter (= 1.4.3)
    - FormatterKit/UnitOfInformationFormatter (= 1.4.3)
    - FormatterKit/URLRequestFormatter (= 1.4.3)
  - FormatterKit/AddressFormatter (1.4.3)
  - FormatterKit/ArrayFormatter (1.4.3)
  - FormatterKit/ColorFormatter (1.4.3)
  - FormatterKit/LocationFormatter (1.4.3)
  - FormatterKit/OrdinalNumberFormatter (1.4.3)
  - FormatterKit/TimeIntervalFormatter (1.4.3)
  - FormatterKit/UnitOfInformationFormatter (1.4.3)
  - FormatterKit/URLRequestFormatter (1.4.3)
  - GoogleAnalytics-iOS-SDK (3.0.9)
  - GTScrollNavigationBar (0.1.1)
  - IDMPhotoBrowser (1.3.5):
    - AFNetworking (~> 2.2.3)
    - DACircularProgress (~> 2.2)
    - SVProgressHUD (~> 1.0)
  - iOS-Hierarchy-Viewer (1.4.7)
  - iRate (1.9.3)
  - MBProgressHUD (0.9.1)
  - pop (1.0.7)
  - SDWebImage (3.7.2):
    - SDWebImage/Core (= 3.7.2)
  - SDWebImage/Core (3.7.2)
  - STTweetLabel (3.1.16)
  - SVProgressHUD (1.1.3)
  - UIActionSheet+Blocks (0.8.1)
  - UIAlertView+Blocks (0.8.1)
  - UITableView-NXEmptyView (0.1.7)
  - ZGParallelView (0.1.6)

DEPENDENCIES:
  - AFNetworking
  - DZNPhotoPickerController
  - FormatterKit (~> 1.4.2)
  - GoogleAnalytics-iOS-SDK (~> 3.0.6)
  - GTScrollNavigationBar (= 0.1.1)
  - IDMPhotoBrowser
  - IDMPhotoBrowser (~> 1.3.5)
  - iOS-Hierarchy-Viewer (~> 1.4.7)
  - iRate (~> 1.9.3)
  - MBProgressHUD (~> 0.8)
  - pop (~> 1.0.4)
  - STTweetLabel (~> 3.1.9)
  - UIActionSheet+Blocks (~> 0.8.1)
  - UIAlertView+Blocks (~> 0.8.1)
  - UITableView-NXEmptyView
  - ZGParallelView (~> 0.1.6)

SPEC CHECKSUMS:
  AFNetworking: caca0799b310f0c3bf1fc1af45145fc96972bcab
  DACircularProgress: 0f92b77239d5f3c612fc66185e2998391ac8e054
  DZNEmptyDataSet: 741da409081a4bf707c949c964623a6ad1799772
  DZNPhotoPickerController: ccc4f0471df6fd92f51c0b980988583baa16b7ad
  FormatterKit: 291aab3fe2f921c0ccee0b66a5f1edff97a4ef9c
  GoogleAnalytics-iOS-SDK: 3b0994bef22ed2e176a9e2a4d1660c7c2542eb47
  GTScrollNavigationBar: 4768fa5fe39d2a805d49ab6556d0b459b15b5ce9
  IDMPhotoBrowser: 6699a8d8b6c036a60c58ba7c281b2f5761d970ac
  iOS-Hierarchy-Viewer: fb8ef72b55a8915ab0575543970754ea696e9061
  iRate: 0ee7fc2373986f8493ba06c54044beef72eb2e36
  MBProgressHUD: c47f2c166c126cf2ce36498d80f33e754d4e93ad
  pop: 628ffc631644601567ee8bfaaaea493ebd7d0923
  SDWebImage: 71b7cdc1d1721d6a82ed62889030225f2c249e29
  STTweetLabel: f249ed62963dd73e88a6ff6ab2e871c48b0b5c31
  SVProgressHUD: 748080e4f36e603f6c02aec292664239df5279c1
  UIActionSheet+Blocks: 7fdab45fc8f15ac2dc1cd65af1470746600b5f46
  UIAlertView+Blocks: 45c3d3b7194906702d3e9a14c7ece5581505646d
  UITableView-NXEmptyView: 0bc404cfd9c201af518a63240ac4ac4dad2c69c2
  ZGParallelView: e11eb0dc83bc2fd993af1bb7e8c2052743b23710

COCOAPODS: 0.35.0
