// !$*UTF8*$!
{
	archiveVersion = 1;
	classes = {
	};
	objectVersion = 46;
	objects = {

/* Begin PBXBuildFile section */
		064CD86A199D5E52007837A6 /* DRDynamicSlideShow.m in Sources */ = {isa = PBXBuildFile; fileRef = 064CD869199D5E52007837A6 /* DRDynamicSlideShow.m */; };
		06654AE0197DB1860014FA74 /* PGFramesButton.m in Sources */ = {isa = PBXBuildFile; fileRef = 06654ADF197DB1860014FA74 /* PGFramesButton.m */; };
		06654AE6197DBABA0014FA74 /* PGFindFriendsViewController.m in Sources */ = {isa = PBXBuildFile; fileRef = 06654AE5197DBABA0014FA74 /* PGFindFriendsViewController.m */; };
		06654AE9197DBE740014FA74 /* PGFindFriendsTableViewCell.m in Sources */ = {isa = PBXBuildFile; fileRef = 06654AE8197DBE740014FA74 /* PGFindFriendsTableViewCell.m */; };
		06654AEC197EBBDF0014FA74 /* PGSendPingViewController.m in Sources */ = {isa = PBXBuildFile; fileRef = 06654AEB197EBBDF0014FA74 /* PGSendPingViewController.m */; };
		06683ADC19AE5F8800D726DE /* GCSharePost.m in Sources */ = {isa = PBXBuildFile; fileRef = 06683ADB19AE5F8800D726DE /* GCSharePost.m */; };
		067A140C1980BD0200D9EF2B /* GCUsersListViewController.m in Sources */ = {isa = PBXBuildFile; fileRef = 067A140A1980BD0200D9EF2B /* GCUsersListViewController.m */; };
		067A140D1980BD0200D9EF2B /* GCUsersListViewController.xib in Resources */ = {isa = PBXBuildFile; fileRef = 067A140B1980BD0200D9EF2B /* GCUsersListViewController.xib */; };
		067A140F1980C2F000D9EF2B /* PGSearchUserTableViewCell.xib in Resources */ = {isa = PBXBuildFile; fileRef = 067A140E1980C2F000D9EF2B /* PGSearchUserTableViewCell.xib */; };
		0683112B1976C8460099689D /* PGProfileHeaderView.xib in Resources */ = {isa = PBXBuildFile; fileRef = 0683112A1976C8460099689D /* PGProfileHeaderView.xib */; };
		0683409F19774AD4007A1AEC /* PGProgressHUD.m in Sources */ = {isa = PBXBuildFile; fileRef = 0683409E19774AD4007A1AEC /* PGProgressHUD.m */; };
		068340A4197810A9007A1AEC /* PGSignupViewController.m in Sources */ = {isa = PBXBuildFile; fileRef = 068340A3197810A9007A1AEC /* PGSignupViewController.m */; };
		068340A7197810B0007A1AEC /* PGLoginViewController.m in Sources */ = {isa = PBXBuildFile; fileRef = 068340A6197810B0007A1AEC /* PGLoginViewController.m */; };
		068340AA197826FD007A1AEC /* PGSearchViewController.m in Sources */ = {isa = PBXBuildFile; fileRef = 068340A9197826FD007A1AEC /* PGSearchViewController.m */; };
		068340AD19782FC2007A1AEC /* PGSearchUserTableViewCell.m in Sources */ = {isa = PBXBuildFile; fileRef = 068340AC19782FC2007A1AEC /* PGSearchUserTableViewCell.m */; };
		068340B119783750007A1AEC /* PGParseHelper.m in Sources */ = {isa = PBXBuildFile; fileRef = 068340B019783750007A1AEC /* PGParseHelper.m */; };
		068340B519784572007A1AEC /* PGActivityViewController.m in Sources */ = {isa = PBXBuildFile; fileRef = 068340B419784572007A1AEC /* PGActivityViewController.m */; };
		068340B8197850AF007A1AEC /* PGActivityTableViewCell.m in Sources */ = {isa = PBXBuildFile; fileRef = 068340B7197850AF007A1AEC /* PGActivityTableViewCell.m */; };
		068340BB1979688B007A1AEC /* UIImage+MyUIImage.m in Sources */ = {isa = PBXBuildFile; fileRef = 068340BA1979688B007A1AEC /* UIImage+MyUIImage.m */; };
		06AE7ED819B65C55001FE651 /* Bolts.framework in Frameworks */ = {isa = PBXBuildFile; fileRef = 06AE7ED519B65C54001FE651 /* Bolts.framework */; };
		06AE7ED919B65C55001FE651 /* Parse.framework in Frameworks */ = {isa = PBXBuildFile; fileRef = 06AE7ED619B65C54001FE651 /* Parse.framework */; };
		06AE7EDA19B65C55001FE651 /* ParseFacebookUtils.framework in Frameworks */ = {isa = PBXBuildFile; fileRef = 06AE7ED719B65C54001FE651 /* ParseFacebookUtils.framework */; };
		06AE7EDD19B7B692001FE651 /* GAI+MyGAITracker.m in Sources */ = {isa = PBXBuildFile; fileRef = 06AE7EDC19B7B692001FE651 /* GAI+MyGAITracker.m */; };
		06B56151197423AE00E92A92 /* PGProfileViewController.m in Sources */ = {isa = PBXBuildFile; fileRef = 06B56150197423AE00E92A92 /* PGProfileViewController.m */; };
		06B561541974425D00E92A92 /* PGFeedTableView.m in Sources */ = {isa = PBXBuildFile; fileRef = 06B561531974425D00E92A92 /* PGFeedTableView.m */; };
		06B561581974467300E92A92 /* PGFeedTableViewCell.xib in Resources */ = {isa = PBXBuildFile; fileRef = 06B561571974467300E92A92 /* PGFeedTableViewCell.xib */; };
		06B5615F1975AB9700E92A92 /* MobileCoreServices.framework in Frameworks */ = {isa = PBXBuildFile; fileRef = 06B5615E1975AB9700E92A92 /* MobileCoreServices.framework */; };
		06B561611975AB9E00E92A92 /* ImageIO.framework in Frameworks */ = {isa = PBXBuildFile; fileRef = 06B561601975AB9E00E92A92 /* ImageIO.framework */; };
		06B561641975B04B00E92A92 /* UIImage+animatedGIF.m in Sources */ = {isa = PBXBuildFile; fileRef = 06B561631975B04B00E92A92 /* UIImage+animatedGIF.m */; };
		06B58A80198807F10020D01E /* AddressBook.framework in Frameworks */ = {isa = PBXBuildFile; fileRef = 06B58A7F198807F10020D01E /* AddressBook.framework */; };
		06DCBCBA196E2AFF00E8C9B2 /* Foundation.framework in Frameworks */ = {isa = PBXBuildFile; fileRef = 06DCBCB9196E2AFF00E8C9B2 /* Foundation.framework */; };
		06DCBCBC196E2AFF00E8C9B2 /* CoreGraphics.framework in Frameworks */ = {isa = PBXBuildFile; fileRef = 06DCBCBB196E2AFF00E8C9B2 /* CoreGraphics.framework */; };
		06DCBCBE196E2AFF00E8C9B2 /* UIKit.framework in Frameworks */ = {isa = PBXBuildFile; fileRef = 06DCBCBD196E2AFF00E8C9B2 /* UIKit.framework */; };
		06DCBCC4196E2AFF00E8C9B2 /* InfoPlist.strings in Resources */ = {isa = PBXBuildFile; fileRef = 06DCBCC2196E2AFF00E8C9B2 /* InfoPlist.strings */; };
		06DCBCC6196E2AFF00E8C9B2 /* main.m in Sources */ = {isa = PBXBuildFile; fileRef = 06DCBCC5196E2AFF00E8C9B2 /* main.m */; };
		06DCBCCA196E2AFF00E8C9B2 /* PGAppDelegate.m in Sources */ = {isa = PBXBuildFile; fileRef = 06DCBCC9196E2AFF00E8C9B2 /* PGAppDelegate.m */; };
		06DCBCCD196E2AFF00E8C9B2 /* Main.storyboard in Resources */ = {isa = PBXBuildFile; fileRef = 06DCBCCB196E2AFF00E8C9B2 /* Main.storyboard */; };
		06DCBCD0196E2AFF00E8C9B2 /* PGTutorialViewController.m in Sources */ = {isa = PBXBuildFile; fileRef = 06DCBCCF196E2AFF00E8C9B2 /* PGTutorialViewController.m */; };
		06DCBCD2196E2AFF00E8C9B2 /* Images.xcassets in Resources */ = {isa = PBXBuildFile; fileRef = 06DCBCD1196E2AFF00E8C9B2 /* Images.xcassets */; };
		06DCBCF1196EDDFA00E8C9B2 /* PGTabViewController.m in Sources */ = {isa = PBXBuildFile; fileRef = 06DCBCF0196EDDFA00E8C9B2 /* PGTabViewController.m */; };
		06DCBCF4196EE40600E8C9B2 /* PGCamViewController.m in Sources */ = {isa = PBXBuildFile; fileRef = 06DCBCF3196EE40600E8C9B2 /* PGCamViewController.m */; };
		06DCBCF7196EE41800E8C9B2 /* AVCamPreviewView.m in Sources */ = {isa = PBXBuildFile; fileRef = 06DCBCF6196EE41800E8C9B2 /* AVCamPreviewView.m */; };
		06DCBCFA196EE8EB00E8C9B2 /* PGPingViewController.m in Sources */ = {isa = PBXBuildFile; fileRef = 06DCBCF9196EE8EB00E8C9B2 /* PGPingViewController.m */; };
		06DCBD03196F063400E8C9B2 /* PGFeedViewController.m in Sources */ = {isa = PBXBuildFile; fileRef = 06DCBD02196F063400E8C9B2 /* PGFeedViewController.m */; };
		06DCBD06196F07C500E8C9B2 /* PGFeedTableViewCell.m in Sources */ = {isa = PBXBuildFile; fileRef = 06DCBD05196F07C500E8C9B2 /* PGFeedTableViewCell.m */; };
		06DCBD09196F2A5900E8C9B2 /* UIViewController+Transitions.m in Sources */ = {isa = PBXBuildFile; fileRef = 06DCBD08196F2A5900E8C9B2 /* UIViewController+Transitions.m */; };
		06DCBD0C196F2E0500E8C9B2 /* UIView+Animate.m in Sources */ = {isa = PBXBuildFile; fileRef = 06DCBD0B196F2E0500E8C9B2 /* UIView+Animate.m */; };
		06DCBD12196F404C00E8C9B2 /* SettingsShareView.xib in Resources */ = {isa = PBXBuildFile; fileRef = 06DCBD0D196F404C00E8C9B2 /* SettingsShareView.xib */; };
		06DCBD13196F404C00E8C9B2 /* PGSettingsViewController.m in Sources */ = {isa = PBXBuildFile; fileRef = 06DCBD0F196F404C00E8C9B2 /* PGSettingsViewController.m */; };
		06DCBD14196F404C00E8C9B2 /* WebViewController.m in Sources */ = {isa = PBXBuildFile; fileRef = 06DCBD11196F404C00E8C9B2 /* WebViewController.m */; };
		06DCBD17196F421400E8C9B2 /* UIDevice-Hardware.m in Sources */ = {isa = PBXBuildFile; fileRef = 06DCBD16196F421400E8C9B2 /* UIDevice-Hardware.m */; };
		06DCBD24197079E300E8C9B2 /* PGFeedHeader.xib in Resources */ = {isa = PBXBuildFile; fileRef = 06DCBD23197079E300E8C9B2 /* PGFeedHeader.xib */; };
		06DCBD2719707A1E00E8C9B2 /* PGFeedHeader.m in Sources */ = {isa = PBXBuildFile; fileRef = 06DCBD2619707A1E00E8C9B2 /* PGFeedHeader.m */; };
		06DCBD2E1970886A00E8C9B2 /* InAppNotificationTapListener.m in Sources */ = {isa = PBXBuildFile; fileRef = 06DCBD2A1970886A00E8C9B2 /* InAppNotificationTapListener.m */; };
		06DCBD2F1970886A00E8C9B2 /* InAppNotificationView.m in Sources */ = {isa = PBXBuildFile; fileRef = 06DCBD2C1970886A00E8C9B2 /* InAppNotificationView.m */; };
		06DCBD301970886A00E8C9B2 /* InAppNotificationView.xib in Resources */ = {isa = PBXBuildFile; fileRef = 06DCBD2D1970886A00E8C9B2 /* InAppNotificationView.xib */; };
		06DF342D19928D9700509399 /* GCZoomInTrasitionController.m in Sources */ = {isa = PBXBuildFile; fileRef = 06DF342C19928D9700509399 /* GCZoomInTrasitionController.m */; };
		06DF3431199294D600509399 /* GCZoomOutTransitionController.m in Sources */ = {isa = PBXBuildFile; fileRef = 06DF3430199294D600509399 /* GCZoomOutTransitionController.m */; };
		06DF343419993ED600509399 /* UIView+HidingView.m in Sources */ = {isa = PBXBuildFile; fileRef = 06DF343319993ED600509399 /* UIView+HidingView.m */; };
		06DF343E1999584000509399 /* GeosansLight-Oblique.ttf in Resources */ = {isa = PBXBuildFile; fileRef = 06DF343C1999584000509399 /* GeosansLight-Oblique.ttf */; };
		06DF343F1999584000509399 /* GeosansLight.ttf in Resources */ = {isa = PBXBuildFile; fileRef = 06DF343D1999584000509399 /* GeosansLight.ttf */; };
		06DF344E1999588A00509399 /* Apache License.txt in Resources */ = {isa = PBXBuildFile; fileRef = 06DF344A1999588A00509399 /* Apache License.txt */; };
		06DF344F1999588A00509399 /* OpenSans-CondBold.ttf in Resources */ = {isa = PBXBuildFile; fileRef = 06DF344B1999588A00509399 /* OpenSans-CondBold.ttf */; };
		06DF34501999588A00509399 /* OpenSans-CondLight.ttf in Resources */ = {isa = PBXBuildFile; fileRef = 06DF344C1999588A00509399 /* OpenSans-CondLight.ttf */; };
		06DF34511999588A00509399 /* OpenSans-CondLightItalic.ttf in Resources */ = {isa = PBXBuildFile; fileRef = 06DF344D1999588A00509399 /* OpenSans-CondLightItalic.ttf */; };
		06DF34531999ADBB00509399 /* SystemConfiguration.framework in Frameworks */ = {isa = PBXBuildFile; fileRef = 06DF34521999ADBB00509399 /* SystemConfiguration.framework */; };
		06E79447198037CB00E7B143 /* Crashlytics.framework in Frameworks */ = {isa = PBXBuildFile; fileRef = 06E79446198037CB00E7B143 /* Crashlytics.framework */; };
		B4D0781A6E87400B8846C0E9 /* libPods.a in Frameworks */ = {isa = PBXBuildFile; fileRef = 44403505DE314A23B874DE7D /* libPods.a */; };
/* End PBXBuildFile section */

/* Begin PBXFileReference section */
		064CD868199D5E52007837A6 /* DRDynamicSlideShow.h */ = {isa = PBXFileReference; fileEncoding = 4; lastKnownFileType = sourcecode.c.h; path = DRDynamicSlideShow.h; sourceTree = "<group>"; };
		064CD869199D5E52007837A6 /* DRDynamicSlideShow.m */ = {isa = PBXFileReference; fileEncoding = 4; lastKnownFileType = sourcecode.c.objc; path = DRDynamicSlideShow.m; sourceTree = "<group>"; };
		06654ADE197DB1860014FA74 /* PGFramesButton.h */ = {isa = PBXFileReference; fileEncoding = 4; lastKnownFileType = sourcecode.c.h; path = PGFramesButton.h; sourceTree = "<group>"; };
		06654ADF197DB1860014FA74 /* PGFramesButton.m */ = {isa = PBXFileReference; fileEncoding = 4; lastKnownFileType = sourcecode.c.objc; path = PGFramesButton.m; sourceTree = "<group>"; };
		06654AE4197DBABA0014FA74 /* PGFindFriendsViewController.h */ = {isa = PBXFileReference; fileEncoding = 4; lastKnownFileType = sourcecode.c.h; path = PGFindFriendsViewController.h; sourceTree = "<group>"; };
		06654AE5197DBABA0014FA74 /* PGFindFriendsViewController.m */ = {isa = PBXFileReference; fileEncoding = 4; lastKnownFileType = sourcecode.c.objc; path = PGFindFriendsViewController.m; sourceTree = "<group>"; };
		06654AE7197DBE740014FA74 /* PGFindFriendsTableViewCell.h */ = {isa = PBXFileReference; fileEncoding = 4; lastKnownFileType = sourcecode.c.h; path = PGFindFriendsTableViewCell.h; sourceTree = "<group>"; };
		06654AE8197DBE740014FA74 /* PGFindFriendsTableViewCell.m */ = {isa = PBXFileReference; fileEncoding = 4; lastKnownFileType = sourcecode.c.objc; path = PGFindFriendsTableViewCell.m; sourceTree = "<group>"; };
		06654AEA197EBBDE0014FA74 /* PGSendPingViewController.h */ = {isa = PBXFileReference; fileEncoding = 4; lastKnownFileType = sourcecode.c.h; path = PGSendPingViewController.h; sourceTree = "<group>"; };
		06654AEB197EBBDF0014FA74 /* PGSendPingViewController.m */ = {isa = PBXFileReference; fileEncoding = 4; lastKnownFileType = sourcecode.c.objc; path = PGSendPingViewController.m; sourceTree = "<group>"; };
		06683ADA19AE5F8800D726DE /* GCSharePost.h */ = {isa = PBXFileReference; fileEncoding = 4; lastKnownFileType = sourcecode.c.h; path = GCSharePost.h; sourceTree = "<group>"; };
		06683ADB19AE5F8800D726DE /* GCSharePost.m */ = {isa = PBXFileReference; fileEncoding = 4; lastKnownFileType = sourcecode.c.objc; path = GCSharePost.m; sourceTree = "<group>"; };
		067A14091980BD0200D9EF2B /* GCUsersListViewController.h */ = {isa = PBXFileReference; fileEncoding = 4; lastKnownFileType = sourcecode.c.h; path = GCUsersListViewController.h; sourceTree = "<group>"; };
		067A140A1980BD0200D9EF2B /* GCUsersListViewController.m */ = {isa = PBXFileReference; fileEncoding = 4; lastKnownFileType = sourcecode.c.objc; path = GCUsersListViewController.m; sourceTree = "<group>"; };
		067A140B1980BD0200D9EF2B /* GCUsersListViewController.xib */ = {isa = PBXFileReference; fileEncoding = 4; lastKnownFileType = file.xib; path = GCUsersListViewController.xib; sourceTree = "<group>"; };
		067A140E1980C2F000D9EF2B /* PGSearchUserTableViewCell.xib */ = {isa = PBXFileReference; fileEncoding = 4; lastKnownFileType = file.xib; path = PGSearchUserTableViewCell.xib; sourceTree = "<group>"; };
		0683112A1976C8460099689D /* PGProfileHeaderView.xib */ = {isa = PBXFileReference; fileEncoding = 4; lastKnownFileType = file.xib; path = PGProfileHeaderView.xib; sourceTree = "<group>"; };
		0683409D19774AD4007A1AEC /* PGProgressHUD.h */ = {isa = PBXFileReference; fileEncoding = 4; lastKnownFileType = sourcecode.c.h; path = PGProgressHUD.h; sourceTree = "<group>"; };
		0683409E19774AD4007A1AEC /* PGProgressHUD.m */ = {isa = PBXFileReference; fileEncoding = 4; lastKnownFileType = sourcecode.c.objc; path = PGProgressHUD.m; sourceTree = "<group>"; };
		068340A2197810A9007A1AEC /* PGSignupViewController.h */ = {isa = PBXFileReference; fileEncoding = 4; lastKnownFileType = sourcecode.c.h; path = PGSignupViewController.h; sourceTree = "<group>"; };
		068340A3197810A9007A1AEC /* PGSignupViewController.m */ = {isa = PBXFileReference; fileEncoding = 4; lastKnownFileType = sourcecode.c.objc; path = PGSignupViewController.m; sourceTree = "<group>"; };
		068340A5197810B0007A1AEC /* PGLoginViewController.h */ = {isa = PBXFileReference; fileEncoding = 4; lastKnownFileType = sourcecode.c.h; path = PGLoginViewController.h; sourceTree = "<group>"; };
		068340A6197810B0007A1AEC /* PGLoginViewController.m */ = {isa = PBXFileReference; fileEncoding = 4; lastKnownFileType = sourcecode.c.objc; path = PGLoginViewController.m; sourceTree = "<group>"; };
		068340A8197826FD007A1AEC /* PGSearchViewController.h */ = {isa = PBXFileReference; fileEncoding = 4; lastKnownFileType = sourcecode.c.h; path = PGSearchViewController.h; sourceTree = "<group>"; };
		068340A9197826FD007A1AEC /* PGSearchViewController.m */ = {isa = PBXFileReference; fileEncoding = 4; lastKnownFileType = sourcecode.c.objc; path = PGSearchViewController.m; sourceTree = "<group>"; };
		068340AB19782FC2007A1AEC /* PGSearchUserTableViewCell.h */ = {isa = PBXFileReference; fileEncoding = 4; lastKnownFileType = sourcecode.c.h; path = PGSearchUserTableViewCell.h; sourceTree = "<group>"; };
		068340AC19782FC2007A1AEC /* PGSearchUserTableViewCell.m */ = {isa = PBXFileReference; fileEncoding = 4; lastKnownFileType = sourcecode.c.objc; path = PGSearchUserTableViewCell.m; sourceTree = "<group>"; };
		068340AF19783750007A1AEC /* PGParseHelper.h */ = {isa = PBXFileReference; fileEncoding = 4; lastKnownFileType = sourcecode.c.h; path = PGParseHelper.h; sourceTree = "<group>"; };
		068340B019783750007A1AEC /* PGParseHelper.m */ = {isa = PBXFileReference; fileEncoding = 4; lastKnownFileType = sourcecode.c.objc; lineEnding = 0; path = PGParseHelper.m; sourceTree = "<group>"; xcLanguageSpecificationIdentifier = xcode.lang.objc; };
		068340B319784572007A1AEC /* PGActivityViewController.h */ = {isa = PBXFileReference; fileEncoding = 4; lastKnownFileType = sourcecode.c.h; path = PGActivityViewController.h; sourceTree = "<group>"; };
		068340B419784572007A1AEC /* PGActivityViewController.m */ = {isa = PBXFileReference; fileEncoding = 4; lastKnownFileType = sourcecode.c.objc; lineEnding = 0; path = PGActivityViewController.m; sourceTree = "<group>"; xcLanguageSpecificationIdentifier = xcode.lang.objc; };
		068340B6197850AF007A1AEC /* PGActivityTableViewCell.h */ = {isa = PBXFileReference; fileEncoding = 4; lastKnownFileType = sourcecode.c.h; path = PGActivityTableViewCell.h; sourceTree = "<group>"; };
		068340B7197850AF007A1AEC /* PGActivityTableViewCell.m */ = {isa = PBXFileReference; fileEncoding = 4; lastKnownFileType = sourcecode.c.objc; path = PGActivityTableViewCell.m; sourceTree = "<group>"; };
		068340B91979688B007A1AEC /* UIImage+MyUIImage.h */ = {isa = PBXFileReference; fileEncoding = 4; lastKnownFileType = sourcecode.c.h; path = "UIImage+MyUIImage.h"; sourceTree = "<group>"; };
		068340BA1979688B007A1AEC /* UIImage+MyUIImage.m */ = {isa = PBXFileReference; fileEncoding = 4; lastKnownFileType = sourcecode.c.objc; path = "UIImage+MyUIImage.m"; sourceTree = "<group>"; };
		06AE7ED519B65C54001FE651 /* Bolts.framework */ = {isa = PBXFileReference; lastKnownFileType = wrapper.framework; path = Bolts.framework; sourceTree = "<group>"; };
		06AE7ED619B65C54001FE651 /* Parse.framework */ = {isa = PBXFileReference; lastKnownFileType = wrapper.framework; path = Parse.framework; sourceTree = "<group>"; };
		06AE7ED719B65C54001FE651 /* ParseFacebookUtils.framework */ = {isa = PBXFileReference; lastKnownFileType = wrapper.framework; path = ParseFacebookUtils.framework; sourceTree = "<group>"; };
		06AE7EDB19B7B692001FE651 /* GAI+MyGAITracker.h */ = {isa = PBXFileReference; fileEncoding = 4; lastKnownFileType = sourcecode.c.h; path = "GAI+MyGAITracker.h"; sourceTree = "<group>"; };
		06AE7EDC19B7B692001FE651 /* GAI+MyGAITracker.m */ = {isa = PBXFileReference; fileEncoding = 4; lastKnownFileType = sourcecode.c.objc; path = "GAI+MyGAITracker.m"; sourceTree = "<group>"; };
		06B5614F197423AE00E92A92 /* PGProfileViewController.h */ = {isa = PBXFileReference; fileEncoding = 4; lastKnownFileType = sourcecode.c.h; path = PGProfileViewController.h; sourceTree = "<group>"; };
		06B56150197423AE00E92A92 /* PGProfileViewController.m */ = {isa = PBXFileReference; fileEncoding = 4; lastKnownFileType = sourcecode.c.objc; path = PGProfileViewController.m; sourceTree = "<group>"; };
		06B561521974425D00E92A92 /* PGFeedTableView.h */ = {isa = PBXFileReference; fileEncoding = 4; lastKnownFileType = sourcecode.c.h; path = PGFeedTableView.h; sourceTree = "<group>"; };
		06B561531974425D00E92A92 /* PGFeedTableView.m */ = {isa = PBXFileReference; fileEncoding = 4; lastKnownFileType = sourcecode.c.objc; lineEnding = 0; path = PGFeedTableView.m; sourceTree = "<group>"; xcLanguageSpecificationIdentifier = xcode.lang.objc; };
		06B561571974467300E92A92 /* PGFeedTableViewCell.xib */ = {isa = PBXFileReference; fileEncoding = 4; lastKnownFileType = file.xib; path = PGFeedTableViewCell.xib; sourceTree = "<group>"; };
		06B5615E1975AB9700E92A92 /* MobileCoreServices.framework */ = {isa = PBXFileReference; lastKnownFileType = wrapper.framework; name = MobileCoreServices.framework; path = System/Library/Frameworks/MobileCoreServices.framework; sourceTree = SDKROOT; };
		06B561601975AB9E00E92A92 /* ImageIO.framework */ = {isa = PBXFileReference; lastKnownFileType = wrapper.framework; name = ImageIO.framework; path = System/Library/Frameworks/ImageIO.framework; sourceTree = SDKROOT; };
		06B561621975B04B00E92A92 /* UIImage+animatedGIF.h */ = {isa = PBXFileReference; fileEncoding = 4; lastKnownFileType = sourcecode.c.h; path = "UIImage+animatedGIF.h"; sourceTree = "<group>"; };
		06B561631975B04B00E92A92 /* UIImage+animatedGIF.m */ = {isa = PBXFileReference; fileEncoding = 4; lastKnownFileType = sourcecode.c.objc; path = "UIImage+animatedGIF.m"; sourceTree = "<group>"; };
		06B58A7F198807F10020D01E /* AddressBook.framework */ = {isa = PBXFileReference; lastKnownFileType = wrapper.framework; name = AddressBook.framework; path = System/Library/Frameworks/AddressBook.framework; sourceTree = SDKROOT; };
		06DCBCB6196E2AFF00E8C9B2 /* GoCandid.app */ = {isa = PBXFileReference; explicitFileType = wrapper.application; includeInIndex = 0; path = GoCandid.app; sourceTree = BUILT_PRODUCTS_DIR; };
		06DCBCB9196E2AFF00E8C9B2 /* Foundation.framework */ = {isa = PBXFileReference; lastKnownFileType = wrapper.framework; name = Foundation.framework; path = System/Library/Frameworks/Foundation.framework; sourceTree = SDKROOT; };
		06DCBCBB196E2AFF00E8C9B2 /* CoreGraphics.framework */ = {isa = PBXFileReference; lastKnownFileType = wrapper.framework; name = CoreGraphics.framework; path = System/Library/Frameworks/CoreGraphics.framework; sourceTree = SDKROOT; };
		06DCBCBD196E2AFF00E8C9B2 /* UIKit.framework */ = {isa = PBXFileReference; lastKnownFileType = wrapper.framework; name = UIKit.framework; path = System/Library/Frameworks/UIKit.framework; sourceTree = SDKROOT; };
		06DCBCC1196E2AFF00E8C9B2 /* GoCandid-Info.plist */ = {isa = PBXFileReference; lastKnownFileType = text.plist.xml; path = "GoCandid-Info.plist"; sourceTree = "<group>"; };
		06DCBCC3196E2AFF00E8C9B2 /* en */ = {isa = PBXFileReference; lastKnownFileType = text.plist.strings; name = en; path = en.lproj/InfoPlist.strings; sourceTree = "<group>"; };
		06DCBCC5196E2AFF00E8C9B2 /* main.m */ = {isa = PBXFileReference; lastKnownFileType = sourcecode.c.objc; path = main.m; sourceTree = "<group>"; };
		06DCBCC7196E2AFF00E8C9B2 /* GoCandid-Prefix.pch */ = {isa = PBXFileReference; lastKnownFileType = sourcecode.c.h; path = "GoCandid-Prefix.pch"; sourceTree = "<group>"; };
		06DCBCC8196E2AFF00E8C9B2 /* PGAppDelegate.h */ = {isa = PBXFileReference; lastKnownFileType = sourcecode.c.h; path = PGAppDelegate.h; sourceTree = "<group>"; };
		06DCBCC9196E2AFF00E8C9B2 /* PGAppDelegate.m */ = {isa = PBXFileReference; lastKnownFileType = sourcecode.c.objc; path = PGAppDelegate.m; sourceTree = "<group>"; };
		06DCBCCC196E2AFF00E8C9B2 /* Base */ = {isa = PBXFileReference; lastKnownFileType = file.storyboard; name = Base; path = Base.lproj/Main.storyboard; sourceTree = "<group>"; };
		06DCBCCE196E2AFF00E8C9B2 /* PGTutorialViewController.h */ = {isa = PBXFileReference; lastKnownFileType = sourcecode.c.h; path = PGTutorialViewController.h; sourceTree = "<group>"; };
		06DCBCCF196E2AFF00E8C9B2 /* PGTutorialViewController.m */ = {isa = PBXFileReference; lastKnownFileType = sourcecode.c.objc; lineEnding = 0; path = PGTutorialViewController.m; sourceTree = "<group>"; xcLanguageSpecificationIdentifier = xcode.lang.objc; };
		06DCBCD1196E2AFF00E8C9B2 /* Images.xcassets */ = {isa = PBXFileReference; lastKnownFileType = folder.assetcatalog; path = Images.xcassets; sourceTree = "<group>"; };
		06DCBCD8196E2AFF00E8C9B2 /* XCTest.framework */ = {isa = PBXFileReference; lastKnownFileType = wrapper.framework; name = XCTest.framework; path = Library/Frameworks/XCTest.framework; sourceTree = DEVELOPER_DIR; };
		06DCBCEE196EDD5100E8C9B2 /* Constants.h */ = {isa = PBXFileReference; lastKnownFileType = sourcecode.c.h; lineEnding = 0; path = Constants.h; sourceTree = "<group>"; xcLanguageSpecificationIdentifier = xcode.lang.objcpp; };
		06DCBCEF196EDDFA00E8C9B2 /* PGTabViewController.h */ = {isa = PBXFileReference; fileEncoding = 4; lastKnownFileType = sourcecode.c.h; path = PGTabViewController.h; sourceTree = "<group>"; };
		06DCBCF0196EDDFA00E8C9B2 /* PGTabViewController.m */ = {isa = PBXFileReference; fileEncoding = 4; lastKnownFileType = sourcecode.c.objc; path = PGTabViewController.m; sourceTree = "<group>"; };
		06DCBCF2196EE40600E8C9B2 /* PGCamViewController.h */ = {isa = PBXFileReference; fileEncoding = 4; lastKnownFileType = sourcecode.c.h; path = PGCamViewController.h; sourceTree = "<group>"; };
		06DCBCF3196EE40600E8C9B2 /* PGCamViewController.m */ = {isa = PBXFileReference; fileEncoding = 4; lastKnownFileType = sourcecode.c.objc; lineEnding = 0; path = PGCamViewController.m; sourceTree = "<group>"; xcLanguageSpecificationIdentifier = xcode.lang.objc; };
		06DCBCF5196EE41800E8C9B2 /* AVCamPreviewView.h */ = {isa = PBXFileReference; fileEncoding = 4; lastKnownFileType = sourcecode.c.h; path = AVCamPreviewView.h; sourceTree = "<group>"; };
		06DCBCF6196EE41800E8C9B2 /* AVCamPreviewView.m */ = {isa = PBXFileReference; fileEncoding = 4; lastKnownFileType = sourcecode.c.objc; path = AVCamPreviewView.m; sourceTree = "<group>"; };
		06DCBCF8196EE8EB00E8C9B2 /* PGPingViewController.h */ = {isa = PBXFileReference; fileEncoding = 4; lastKnownFileType = sourcecode.c.h; path = PGPingViewController.h; sourceTree = "<group>"; };
		06DCBCF9196EE8EB00E8C9B2 /* PGPingViewController.m */ = {isa = PBXFileReference; fileEncoding = 4; lastKnownFileType = sourcecode.c.objc; lineEnding = 0; path = PGPingViewController.m; sourceTree = "<group>"; xcLanguageSpecificationIdentifier = xcode.lang.objc; };
		06DCBD01196F063400E8C9B2 /* PGFeedViewController.h */ = {isa = PBXFileReference; fileEncoding = 4; lastKnownFileType = sourcecode.c.h; path = PGFeedViewController.h; sourceTree = "<group>"; };
		06DCBD02196F063400E8C9B2 /* PGFeedViewController.m */ = {isa = PBXFileReference; fileEncoding = 4; lastKnownFileType = sourcecode.c.objc; lineEnding = 0; path = PGFeedViewController.m; sourceTree = "<group>"; xcLanguageSpecificationIdentifier = xcode.lang.objc; };
		06DCBD04196F07C500E8C9B2 /* PGFeedTableViewCell.h */ = {isa = PBXFileReference; fileEncoding = 4; lastKnownFileType = sourcecode.c.h; path = PGFeedTableViewCell.h; sourceTree = "<group>"; };
		06DCBD05196F07C500E8C9B2 /* PGFeedTableViewCell.m */ = {isa = PBXFileReference; fileEncoding = 4; lastKnownFileType = sourcecode.c.objc; path = PGFeedTableViewCell.m; sourceTree = "<group>"; };
		06DCBD07196F2A5900E8C9B2 /* UIViewController+Transitions.h */ = {isa = PBXFileReference; fileEncoding = 4; lastKnownFileType = sourcecode.c.h; path = "UIViewController+Transitions.h"; sourceTree = "<group>"; };
		06DCBD08196F2A5900E8C9B2 /* UIViewController+Transitions.m */ = {isa = PBXFileReference; fileEncoding = 4; lastKnownFileType = sourcecode.c.objc; lineEnding = 0; path = "UIViewController+Transitions.m"; sourceTree = "<group>"; xcLanguageSpecificationIdentifier = xcode.lang.objc; };
		06DCBD0A196F2E0400E8C9B2 /* UIView+Animate.h */ = {isa = PBXFileReference; fileEncoding = 4; lastKnownFileType = sourcecode.c.h; path = "UIView+Animate.h"; sourceTree = "<group>"; };
		06DCBD0B196F2E0500E8C9B2 /* UIView+Animate.m */ = {isa = PBXFileReference; fileEncoding = 4; lastKnownFileType = sourcecode.c.objc; lineEnding = 0; path = "UIView+Animate.m"; sourceTree = "<group>"; xcLanguageSpecificationIdentifier = xcode.lang.objc; };
		06DCBD0D196F404C00E8C9B2 /* SettingsShareView.xib */ = {isa = PBXFileReference; fileEncoding = 4; lastKnownFileType = file.xib; path = SettingsShareView.xib; sourceTree = "<group>"; };
		06DCBD0E196F404C00E8C9B2 /* PGSettingsViewController.h */ = {isa = PBXFileReference; fileEncoding = 4; lastKnownFileType = sourcecode.c.h; path = PGSettingsViewController.h; sourceTree = "<group>"; };
		06DCBD0F196F404C00E8C9B2 /* PGSettingsViewController.m */ = {isa = PBXFileReference; fileEncoding = 4; lastKnownFileType = sourcecode.c.objc; path = PGSettingsViewController.m; sourceTree = "<group>"; };
		06DCBD10196F404C00E8C9B2 /* WebViewController.h */ = {isa = PBXFileReference; fileEncoding = 4; lastKnownFileType = sourcecode.c.h; path = WebViewController.h; sourceTree = "<group>"; };
		06DCBD11196F404C00E8C9B2 /* WebViewController.m */ = {isa = PBXFileReference; fileEncoding = 4; lastKnownFileType = sourcecode.c.objc; path = WebViewController.m; sourceTree = "<group>"; };
		06DCBD15196F421400E8C9B2 /* UIDevice-Hardware.h */ = {isa = PBXFileReference; fileEncoding = 4; lastKnownFileType = sourcecode.c.h; path = "UIDevice-Hardware.h"; sourceTree = "<group>"; };
		06DCBD16196F421400E8C9B2 /* UIDevice-Hardware.m */ = {isa = PBXFileReference; fileEncoding = 4; lastKnownFileType = sourcecode.c.objc; path = "UIDevice-Hardware.m"; sourceTree = "<group>"; };
		06DCBD23197079E300E8C9B2 /* PGFeedHeader.xib */ = {isa = PBXFileReference; fileEncoding = 4; lastKnownFileType = file.xib; path = PGFeedHeader.xib; sourceTree = "<group>"; };
		06DCBD2519707A1E00E8C9B2 /* PGFeedHeader.h */ = {isa = PBXFileReference; fileEncoding = 4; lastKnownFileType = sourcecode.c.h; path = PGFeedHeader.h; sourceTree = "<group>"; };
		06DCBD2619707A1E00E8C9B2 /* PGFeedHeader.m */ = {isa = PBXFileReference; fileEncoding = 4; lastKnownFileType = sourcecode.c.objc; path = PGFeedHeader.m; sourceTree = "<group>"; };
		06DCBD291970886A00E8C9B2 /* InAppNotificationTapListener.h */ = {isa = PBXFileReference; fileEncoding = 4; lastKnownFileType = sourcecode.c.h; path = InAppNotificationTapListener.h; sourceTree = "<group>"; };
		06DCBD2A1970886A00E8C9B2 /* InAppNotificationTapListener.m */ = {isa = PBXFileReference; fileEncoding = 4; lastKnownFileType = sourcecode.c.objc; path = InAppNotificationTapListener.m; sourceTree = "<group>"; };
		06DCBD2B1970886A00E8C9B2 /* InAppNotificationView.h */ = {isa = PBXFileReference; fileEncoding = 4; lastKnownFileType = sourcecode.c.h; path = InAppNotificationView.h; sourceTree = "<group>"; };
		06DCBD2C1970886A00E8C9B2 /* InAppNotificationView.m */ = {isa = PBXFileReference; fileEncoding = 4; lastKnownFileType = sourcecode.c.objc; path = InAppNotificationView.m; sourceTree = "<group>"; };
		06DCBD2D1970886A00E8C9B2 /* InAppNotificationView.xib */ = {isa = PBXFileReference; fileEncoding = 4; lastKnownFileType = file.xib; path = InAppNotificationView.xib; sourceTree = "<group>"; };
		06DF342B19928D9700509399 /* GCZoomInTrasitionController.h */ = {isa = PBXFileReference; fileEncoding = 4; lastKnownFileType = sourcecode.c.h; path = GCZoomInTrasitionController.h; sourceTree = "<group>"; };
		06DF342C19928D9700509399 /* GCZoomInTrasitionController.m */ = {isa = PBXFileReference; fileEncoding = 4; lastKnownFileType = sourcecode.c.objc; path = GCZoomInTrasitionController.m; sourceTree = "<group>"; };
		06DF342F199294D600509399 /* GCZoomOutTransitionController.h */ = {isa = PBXFileReference; fileEncoding = 4; lastKnownFileType = sourcecode.c.h; path = GCZoomOutTransitionController.h; sourceTree = "<group>"; };
		06DF3430199294D600509399 /* GCZoomOutTransitionController.m */ = {isa = PBXFileReference; fileEncoding = 4; lastKnownFileType = sourcecode.c.objc; path = GCZoomOutTransitionController.m; sourceTree = "<group>"; };
		06DF343219993ED600509399 /* UIView+HidingView.h */ = {isa = PBXFileReference; fileEncoding = 4; lastKnownFileType = sourcecode.c.h; path = "UIView+HidingView.h"; sourceTree = "<group>"; };
		06DF343319993ED600509399 /* UIView+HidingView.m */ = {isa = PBXFileReference; fileEncoding = 4; lastKnownFileType = sourcecode.c.objc; path = "UIView+HidingView.m"; sourceTree = "<group>"; };
		06DF343C1999584000509399 /* GeosansLight-Oblique.ttf */ = {isa = PBXFileReference; lastKnownFileType = file; path = "GeosansLight-Oblique.ttf"; sourceTree = "<group>"; };
		06DF343D1999584000509399 /* GeosansLight.ttf */ = {isa = PBXFileReference; lastKnownFileType = file; path = GeosansLight.ttf; sourceTree = "<group>"; };
		06DF344A1999588A00509399 /* Apache License.txt */ = {isa = PBXFileReference; fileEncoding = 4; lastKnownFileType = text; path = "Apache License.txt"; sourceTree = "<group>"; };
		06DF344B1999588A00509399 /* OpenSans-CondBold.ttf */ = {isa = PBXFileReference; lastKnownFileType = file; path = "OpenSans-CondBold.ttf"; sourceTree = "<group>"; };
		06DF344C1999588A00509399 /* OpenSans-CondLight.ttf */ = {isa = PBXFileReference; lastKnownFileType = file; path = "OpenSans-CondLight.ttf"; sourceTree = "<group>"; };
		06DF344D1999588A00509399 /* OpenSans-CondLightItalic.ttf */ = {isa = PBXFileReference; lastKnownFileType = file; path = "OpenSans-CondLightItalic.ttf"; sourceTree = "<group>"; };
		06DF34521999ADBB00509399 /* SystemConfiguration.framework */ = {isa = PBXFileReference; lastKnownFileType = wrapper.framework; name = SystemConfiguration.framework; path = System/Library/Frameworks/SystemConfiguration.framework; sourceTree = SDKROOT; };
		06E79446198037CB00E7B143 /* Crashlytics.framework */ = {isa = PBXFileReference; lastKnownFileType = wrapper.framework; path = Crashlytics.framework; sourceTree = "<group>"; };
		44403505DE314A23B874DE7D /* libPods.a */ = {isa = PBXFileReference; explicitFileType = archive.ar; includeInIndex = 0; path = libPods.a; sourceTree = BUILT_PRODUCTS_DIR; };
		C3EC4F2809A54D8D8F1E8EBE /* Pods.xcconfig */ = {isa = PBXFileReference; includeInIndex = 1; lastKnownFileType = text.xcconfig; name = Pods.xcconfig; path = Pods/Pods.xcconfig; sourceTree = "<group>"; };
/* End PBXFileReference section */

/* Begin PBXFrameworksBuildPhase section */
		06DCBCB3196E2AFF00E8C9B2 /* Frameworks */ = {
			isa = PBXFrameworksBuildPhase;
			buildActionMask = 2147483647;
			files = (
				06DF34531999ADBB00509399 /* SystemConfiguration.framework in Frameworks */,
				06B58A80198807F10020D01E /* AddressBook.framework in Frameworks */,
				06AE7EDA19B65C55001FE651 /* ParseFacebookUtils.framework in Frameworks */,
				06B561611975AB9E00E92A92 /* ImageIO.framework in Frameworks */,
				06B5615F1975AB9700E92A92 /* MobileCoreServices.framework in Frameworks */,
				06DCBCBC196E2AFF00E8C9B2 /* CoreGraphics.framework in Frameworks */,
				06AE7ED819B65C55001FE651 /* Bolts.framework in Frameworks */,
				06AE7ED919B65C55001FE651 /* Parse.framework in Frameworks */,
				06DCBCBE196E2AFF00E8C9B2 /* UIKit.framework in Frameworks */,
				06DCBCBA196E2AFF00E8C9B2 /* Foundation.framework in Frameworks */,
				B4D0781A6E87400B8846C0E9 /* libPods.a in Frameworks */,
				06E79447198037CB00E7B143 /* Crashlytics.framework in Frameworks */,
			);
			runOnlyForDeploymentPostprocessing = 0;
		};
/* End PBXFrameworksBuildPhase section */

/* Begin PBXGroup section */
		065A263F198FF2C9005E09D8 /* Cell */ = {
			isa = PBXGroup;
			children = (
				068340B6197850AF007A1AEC /* PGActivityTableViewCell.h */,
				068340B7197850AF007A1AEC /* PGActivityTableViewCell.m */,
			);
			name = Cell;
			sourceTree = "<group>";
		};
		06654AE3197DBAA30014FA74 /* Find Friends VC */ = {
			isa = PBXGroup;
			children = (
				06654AE4197DBABA0014FA74 /* PGFindFriendsViewController.h */,
				06654AE5197DBABA0014FA74 /* PGFindFriendsViewController.m */,
				06654AE7197DBE740014FA74 /* PGFindFriendsTableViewCell.h */,
				06654AE8197DBE740014FA74 /* PGFindFriendsTableViewCell.m */,
			);
			name = "Find Friends VC";
			sourceTree = "<group>";
		};
		067A14081980BCCA00D9EF2B /* Users List VC */ = {
			isa = PBXGroup;
			children = (
				067A14091980BD0200D9EF2B /* GCUsersListViewController.h */,
				067A140A1980BD0200D9EF2B /* GCUsersListViewController.m */,
				067A140B1980BD0200D9EF2B /* GCUsersListViewController.xib */,
			);
			name = "Users List VC";
			sourceTree = "<group>";
		};
		067A14101980CA3E00D9EF2B /* Cell */ = {
			isa = PBXGroup;
			children = (
				068340AB19782FC2007A1AEC /* PGSearchUserTableViewCell.h */,
				068340AC19782FC2007A1AEC /* PGSearchUserTableViewCell.m */,
				067A140E1980C2F000D9EF2B /* PGSearchUserTableViewCell.xib */,
			);
			name = Cell;
			sourceTree = "<group>";
		};
		068340AE1978306E007A1AEC /* Search VC */ = {
			isa = PBXGroup;
			children = (
				067A14101980CA3E00D9EF2B /* Cell */,
				068340A8197826FD007A1AEC /* PGSearchViewController.h */,
				068340A9197826FD007A1AEC /* PGSearchViewController.m */,
			);
			name = "Search VC";
			sourceTree = "<group>";
		};
		068340B219784559007A1AEC /* Activity VC */ = {
			isa = PBXGroup;
			children = (
				065A263F198FF2C9005E09D8 /* Cell */,
				068340B319784572007A1AEC /* PGActivityViewController.h */,
				068340B419784572007A1AEC /* PGActivityViewController.m */,
			);
			name = "Activity VC";
			sourceTree = "<group>";
		};
		068340BC19797102007A1AEC /* Parse Helper */ = {
			isa = PBXGroup;
			children = (
				068340AF19783750007A1AEC /* PGParseHelper.h */,
				068340B019783750007A1AEC /* PGParseHelper.m */,
			);
			name = "Parse Helper";
			sourceTree = "<group>";
		};
		06A2E87E19AE7DC60042A721 /* Vendor */ = {
			isa = PBXGroup;
			children = (
				06B561621975B04B00E92A92 /* UIImage+animatedGIF.h */,
				06B561631975B04B00E92A92 /* UIImage+animatedGIF.m */,
				064CD868199D5E52007837A6 /* DRDynamicSlideShow.h */,
				064CD869199D5E52007837A6 /* DRDynamicSlideShow.m */,
				06DF343219993ED600509399 /* UIView+HidingView.h */,
				06DF343319993ED600509399 /* UIView+HidingView.m */,
				06DCBD15196F421400E8C9B2 /* UIDevice-Hardware.h */,
				06DCBD16196F421400E8C9B2 /* UIDevice-Hardware.m */,
			);
			name = Vendor;
			sourceTree = "<group>";
		};
		06AE7ED419B65C54001FE651 /* parse-library-1.2.21 */ = {
			isa = PBXGroup;
			children = (
				06AE7ED519B65C54001FE651 /* Bolts.framework */,
				06AE7ED619B65C54001FE651 /* Parse.framework */,
				06AE7ED719B65C54001FE651 /* ParseFacebookUtils.framework */,
			);
			path = "parse-library-1.2.21";
			sourceTree = "<group>";
		};
		06B5614E1974239200E92A92 /* Profile VC */ = {
			isa = PBXGroup;
			children = (
				067A14081980BCCA00D9EF2B /* Users List VC */,
				06B5614F197423AE00E92A92 /* PGProfileViewController.h */,
				06B56150197423AE00E92A92 /* PGProfileViewController.m */,
				0683112A1976C8460099689D /* PGProfileHeaderView.xib */,
			);
			name = "Profile VC";
			sourceTree = "<group>";
		};
		06DCBCAD196E2AFF00E8C9B2 = {
			isa = PBXGroup;
			children = (
				06DCBCBF196E2AFF00E8C9B2 /* GoCandid */,
				06DCBCB8196E2AFF00E8C9B2 /* Frameworks */,
				06DCBCB7196E2AFF00E8C9B2 /* Products */,
				C3EC4F2809A54D8D8F1E8EBE /* Pods.xcconfig */,
			);
			sourceTree = "<group>";
		};
		06DCBCB7196E2AFF00E8C9B2 /* Products */ = {
			isa = PBXGroup;
			children = (
				06DCBCB6196E2AFF00E8C9B2 /* GoCandid.app */,
			);
			name = Products;
			sourceTree = "<group>";
		};
		06DCBCB8196E2AFF00E8C9B2 /* Frameworks */ = {
			isa = PBXGroup;
			children = (
				06AE7ED419B65C54001FE651 /* parse-library-1.2.21 */,
				06DF34521999ADBB00509399 /* SystemConfiguration.framework */,
				06B58A7F198807F10020D01E /* AddressBook.framework */,
				06E79446198037CB00E7B143 /* Crashlytics.framework */,
				06B561601975AB9E00E92A92 /* ImageIO.framework */,
				06B5615E1975AB9700E92A92 /* MobileCoreServices.framework */,
				06DCBCB9196E2AFF00E8C9B2 /* Foundation.framework */,
				06DCBCBB196E2AFF00E8C9B2 /* CoreGraphics.framework */,
				06DCBCBD196E2AFF00E8C9B2 /* UIKit.framework */,
				06DCBCD8196E2AFF00E8C9B2 /* XCTest.framework */,
				44403505DE314A23B874DE7D /* libPods.a */,
			);
			name = Frameworks;
			sourceTree = "<group>";
		};
		06DCBCBF196E2AFF00E8C9B2 /* GoCandid */ = {
			isa = PBXGroup;
			children = (
				068340BC19797102007A1AEC /* Parse Helper */,
				06DCBD18196F42E800E8C9B2 /* Utilities */,
				06DCBD00196F060F00E8C9B2 /* Settings VC */,
				06654AE3197DBAA30014FA74 /* Find Friends VC */,
				06B5614E1974239200E92A92 /* Profile VC */,
				068340B219784559007A1AEC /* Activity VC */,
				06DCBCFB196EF61A00E8C9B2 /* Ping VC */,
				068340AE1978306E007A1AEC /* Search VC */,
				06DCBD1E196F9DCF00E8C9B2 /* Feed VC */,
				06DCBD1C196F9DB000E8C9B2 /* Login VC */,
				06DCBCFC196EF62000E8C9B2 /* Tab */,
				06DCBCC8196E2AFF00E8C9B2 /* PGAppDelegate.h */,
				06DCBCC9196E2AFF00E8C9B2 /* PGAppDelegate.m */,
				06DCBCCB196E2AFF00E8C9B2 /* Main.storyboard */,
				06DCBD311970886F00E8C9B2 /* In-app Notification */,
				06DCBCD1196E2AFF00E8C9B2 /* Images.xcassets */,
				06DCBCC0196E2AFF00E8C9B2 /* Supporting Files */,
			);
			path = GoCandid;
			sourceTree = "<group>";
		};
		06DCBCC0196E2AFF00E8C9B2 /* Supporting Files */ = {
			isa = PBXGroup;
			children = (
				06DF343A1999583300509399 /* Font */,
				06DCBCEE196EDD5100E8C9B2 /* Constants.h */,
				06DCBCC1196E2AFF00E8C9B2 /* GoCandid-Info.plist */,
				06DCBCC2196E2AFF00E8C9B2 /* InfoPlist.strings */,
				06DCBCC5196E2AFF00E8C9B2 /* main.m */,
				06DCBCC7196E2AFF00E8C9B2 /* GoCandid-Prefix.pch */,
			);
			name = "Supporting Files";
			sourceTree = "<group>";
		};
		06DCBCFB196EF61A00E8C9B2 /* Ping VC */ = {
			isa = PBXGroup;
			children = (
				06DCBD1D196F9DBE00E8C9B2 /* View */,
				06DCBCF2196EE40600E8C9B2 /* PGCamViewController.h */,
				06DCBCF3196EE40600E8C9B2 /* PGCamViewController.m */,
				06DCBCF8196EE8EB00E8C9B2 /* PGPingViewController.h */,
				06DCBCF9196EE8EB00E8C9B2 /* PGPingViewController.m */,
				06654AEA197EBBDE0014FA74 /* PGSendPingViewController.h */,
				06654AEB197EBBDF0014FA74 /* PGSendPingViewController.m */,
				06DF342E199292A200509399 /* Transition Animations */,
			);
			name = "Ping VC";
			sourceTree = "<group>";
		};
		06DCBCFC196EF62000E8C9B2 /* Tab */ = {
			isa = PBXGroup;
			children = (
				06DCBCEF196EDDFA00E8C9B2 /* PGTabViewController.h */,
				06DCBCF0196EDDFA00E8C9B2 /* PGTabViewController.m */,
			);
			name = Tab;
			sourceTree = "<group>";
		};
		06DCBD00196F060F00E8C9B2 /* Settings VC */ = {
			isa = PBXGroup;
			children = (
				06DCBD0D196F404C00E8C9B2 /* SettingsShareView.xib */,
				06DCBD0E196F404C00E8C9B2 /* PGSettingsViewController.h */,
				06DCBD0F196F404C00E8C9B2 /* PGSettingsViewController.m */,
				06DCBD10196F404C00E8C9B2 /* WebViewController.h */,
				06DCBD11196F404C00E8C9B2 /* WebViewController.m */,
			);
			name = "Settings VC";
			sourceTree = "<group>";
		};
		06DCBD18196F42E800E8C9B2 /* Utilities */ = {
			isa = PBXGroup;
			children = (
				06A2E87E19AE7DC60042A721 /* Vendor */,
				06DCBD19196F42F500E8C9B2 /* Animations */,
				0683409D19774AD4007A1AEC /* PGProgressHUD.h */,
				0683409E19774AD4007A1AEC /* PGProgressHUD.m */,
				068340B91979688B007A1AEC /* UIImage+MyUIImage.h */,
				068340BA1979688B007A1AEC /* UIImage+MyUIImage.m */,
				06683ADA19AE5F8800D726DE /* GCSharePost.h */,
				06683ADB19AE5F8800D726DE /* GCSharePost.m */,
				06AE7EDB19B7B692001FE651 /* GAI+MyGAITracker.h */,
				06AE7EDC19B7B692001FE651 /* GAI+MyGAITracker.m */,
			);
			name = Utilities;
			sourceTree = "<group>";
		};
		06DCBD19196F42F500E8C9B2 /* Animations */ = {
			isa = PBXGroup;
			children = (
				06DCBD07196F2A5900E8C9B2 /* UIViewController+Transitions.h */,
				06DCBD08196F2A5900E8C9B2 /* UIViewController+Transitions.m */,
				06DCBD0A196F2E0400E8C9B2 /* UIView+Animate.h */,
				06DCBD0B196F2E0500E8C9B2 /* UIView+Animate.m */,
			);
			name = Animations;
			sourceTree = "<group>";
		};
		06DCBD1C196F9DB000E8C9B2 /* Login VC */ = {
			isa = PBXGroup;
			children = (
				06DCBCCE196E2AFF00E8C9B2 /* PGTutorialViewController.h */,
				06DCBCCF196E2AFF00E8C9B2 /* PGTutorialViewController.m */,
				068340A2197810A9007A1AEC /* PGSignupViewController.h */,
				068340A3197810A9007A1AEC /* PGSignupViewController.m */,
				068340A5197810B0007A1AEC /* PGLoginViewController.h */,
				068340A6197810B0007A1AEC /* PGLoginViewController.m */,
			);
			name = "Login VC";
			sourceTree = "<group>";
		};
		06DCBD1D196F9DBE00E8C9B2 /* View */ = {
			isa = PBXGroup;
			children = (
				06DCBCF5196EE41800E8C9B2 /* AVCamPreviewView.h */,
				06DCBCF6196EE41800E8C9B2 /* AVCamPreviewView.m */,
				06654ADE197DB1860014FA74 /* PGFramesButton.h */,
				06654ADF197DB1860014FA74 /* PGFramesButton.m */,
			);
			name = View;
			sourceTree = "<group>";
		};
		06DCBD1E196F9DCF00E8C9B2 /* Feed VC */ = {
			isa = PBXGroup;
			children = (
				06DCBD01196F063400E8C9B2 /* PGFeedViewController.h */,
				06DCBD02196F063400E8C9B2 /* PGFeedViewController.m */,
				06DCBD1F196F9DD800E8C9B2 /* Cell */,
				06B561521974425D00E92A92 /* PGFeedTableView.h */,
				06B561531974425D00E92A92 /* PGFeedTableView.m */,
			);
			name = "Feed VC";
			sourceTree = "<group>";
		};
		06DCBD1F196F9DD800E8C9B2 /* Cell */ = {
			isa = PBXGroup;
			children = (
				06DCBD2819707AC900E8C9B2 /* Header */,
				06DCBD04196F07C500E8C9B2 /* PGFeedTableViewCell.h */,
				06DCBD05196F07C500E8C9B2 /* PGFeedTableViewCell.m */,
				06B561571974467300E92A92 /* PGFeedTableViewCell.xib */,
			);
			name = Cell;
			sourceTree = "<group>";
		};
		06DCBD2819707AC900E8C9B2 /* Header */ = {
			isa = PBXGroup;
			children = (
				06DCBD2519707A1E00E8C9B2 /* PGFeedHeader.h */,
				06DCBD2619707A1E00E8C9B2 /* PGFeedHeader.m */,
				06DCBD23197079E300E8C9B2 /* PGFeedHeader.xib */,
			);
			name = Header;
			sourceTree = "<group>";
		};
		06DCBD311970886F00E8C9B2 /* In-app Notification */ = {
			isa = PBXGroup;
			children = (
				06DCBD291970886A00E8C9B2 /* InAppNotificationTapListener.h */,
				06DCBD2A1970886A00E8C9B2 /* InAppNotificationTapListener.m */,
				06DCBD2B1970886A00E8C9B2 /* InAppNotificationView.h */,
				06DCBD2C1970886A00E8C9B2 /* InAppNotificationView.m */,
				06DCBD2D1970886A00E8C9B2 /* InAppNotificationView.xib */,
			);
			name = "In-app Notification";
			sourceTree = "<group>";
		};
		06DF342E199292A200509399 /* Transition Animations */ = {
			isa = PBXGroup;
			children = (
				06DF342B19928D9700509399 /* GCZoomInTrasitionController.h */,
				06DF342C19928D9700509399 /* GCZoomInTrasitionController.m */,
				06DF342F199294D600509399 /* GCZoomOutTransitionController.h */,
				06DF3430199294D600509399 /* GCZoomOutTransitionController.m */,
			);
			name = "Transition Animations";
			sourceTree = "<group>";
		};
		06DF343A1999583300509399 /* Font */ = {
			isa = PBXGroup;
			children = (
				06DF34491999588A00509399 /* open-sans-condensed */,
				06DF343B1999584000509399 /* geo_sans_light */,
			);
			path = Font;
			sourceTree = "<group>";
		};
		06DF343B1999584000509399 /* geo_sans_light */ = {
			isa = PBXGroup;
			children = (
				06DF343C1999584000509399 /* GeosansLight-Oblique.ttf */,
				06DF343D1999584000509399 /* GeosansLight.ttf */,
			);
			path = geo_sans_light;
			sourceTree = "<group>";
		};
		06DF34491999588A00509399 /* open-sans-condensed */ = {
			isa = PBXGroup;
			children = (
				06DF344A1999588A00509399 /* Apache License.txt */,
				06DF344B1999588A00509399 /* OpenSans-CondBold.ttf */,
				06DF344C1999588A00509399 /* OpenSans-CondLight.ttf */,
				06DF344D1999588A00509399 /* OpenSans-CondLightItalic.ttf */,
			);
			path = "open-sans-condensed";
			sourceTree = "<group>";
		};
/* End PBXGroup section */

/* Begin PBXNativeTarget section */
		06DCBCB5196E2AFF00E8C9B2 /* GoCandid */ = {
			isa = PBXNativeTarget;
			buildConfigurationList = 06DCBCE8196E2AFF00E8C9B2 /* Build configuration list for PBXNativeTarget "GoCandid" */;
			buildPhases = (
				35CBE7C6359E48F89243C485 /* Check Pods Manifest.lock */,
				06DCBCB2196E2AFF00E8C9B2 /* Sources */,
				06DCBCB3196E2AFF00E8C9B2 /* Frameworks */,
				06DCBCB4196E2AFF00E8C9B2 /* Resources */,
				BAC4277C51214E4CBAF16E3B /* Copy Pods Resources */,
				06E794451980378400E7B143 /* ShellScript */,
			);
			buildRules = (
			);
			dependencies = (
			);
			name = GoCandid;
			productName = Ping;
			productReference = 06DCBCB6196E2AFF00E8C9B2 /* GoCandid.app */;
			productType = "com.apple.product-type.application";
		};
/* End PBXNativeTarget section */

/* Begin PBXProject section */
		06DCBCAE196E2AFF00E8C9B2 /* Project object */ = {
			isa = PBXProject;
			attributes = {
				CLASSPREFIX = GC;
				LastUpgradeCheck = 0510;
				ORGANIZATIONNAME = "Appikon Mobile";
				TargetAttributes = {
					06DCBCB5196E2AFF00E8C9B2 = {
						DevelopmentTeam = CEBY93VF85;
					};
				};
			};
			buildConfigurationList = 06DCBCB1196E2AFF00E8C9B2 /* Build configuration list for PBXProject "GoCandid" */;
			compatibilityVersion = "Xcode 3.2";
			developmentRegion = English;
			hasScannedForEncodings = 0;
			knownRegions = (
				en,
				Base,
			);
			mainGroup = 06DCBCAD196E2AFF00E8C9B2;
			productRefGroup = 06DCBCB7196E2AFF00E8C9B2 /* Products */;
			projectDirPath = "";
			projectRoot = "";
			targets = (
				06DCBCB5196E2AFF00E8C9B2 /* GoCandid */,
			);
		};
/* End PBXProject section */

/* Begin PBXResourcesBuildPhase section */
		06DCBCB4196E2AFF00E8C9B2 /* Resources */ = {
			isa = PBXResourcesBuildPhase;
			buildActionMask = 2147483647;
			files = (
				06DF343F1999584000509399 /* GeosansLight.ttf in Resources */,
				06DF344E1999588A00509399 /* Apache License.txt in Resources */,
				06DCBD24197079E300E8C9B2 /* PGFeedHeader.xib in Resources */,
				067A140D1980BD0200D9EF2B /* GCUsersListViewController.xib in Resources */,
				06DF344F1999588A00509399 /* OpenSans-CondBold.ttf in Resources */,
				06DCBCD2196E2AFF00E8C9B2 /* Images.xcassets in Resources */,
				06DCBD301970886A00E8C9B2 /* InAppNotificationView.xib in Resources */,
				067A140F1980C2F000D9EF2B /* PGSearchUserTableViewCell.xib in Resources */,
				06DF343E1999584000509399 /* GeosansLight-Oblique.ttf in Resources */,
				06DCBD12196F404C00E8C9B2 /* SettingsShareView.xib in Resources */,
				0683112B1976C8460099689D /* PGProfileHeaderView.xib in Resources */,
				06DCBCC4196E2AFF00E8C9B2 /* InfoPlist.strings in Resources */,
				06B561581974467300E92A92 /* PGFeedTableViewCell.xib in Resources */,
				06DCBCCD196E2AFF00E8C9B2 /* Main.storyboard in Resources */,
				06DF34511999588A00509399 /* OpenSans-CondLightItalic.ttf in Resources */,
				06DF34501999588A00509399 /* OpenSans-CondLight.ttf in Resources */,
			);
			runOnlyForDeploymentPostprocessing = 0;
		};
/* End PBXResourcesBuildPhase section */

/* Begin PBXShellScriptBuildPhase section */
		06E794451980378400E7B143 /* ShellScript */ = {
			isa = PBXShellScriptBuildPhase;
			buildActionMask = 2147483647;
			files = (
			);
			inputPaths = (
			);
			outputPaths = (
			);
			runOnlyForDeploymentPostprocessing = 0;
			shellPath = /bin/sh;
			shellScript = "./Crashlytics.framework/run 02d3f7db22ac1a3e538528547a694d5230eb8278 af6ede98bc0742057c556b0ed733e4c57ae435cd7cc81f516bb2b4e456b7e234";
		};
		35CBE7C6359E48F89243C485 /* Check Pods Manifest.lock */ = {
			isa = PBXShellScriptBuildPhase;
			buildActionMask = 2147483647;
			files = (
			);
			inputPaths = (
			);
			name = "Check Pods Manifest.lock";
			outputPaths = (
			);
			runOnlyForDeploymentPostprocessing = 0;
			shellPath = /bin/sh;
			shellScript = "diff \"${PODS_ROOT}/../Podfile.lock\" \"${PODS_ROOT}/Manifest.lock\" > /dev/null\nif [[ $? != 0 ]] ; then\n    cat << EOM\nerror: The sandbox is not in sync with the Podfile.lock. Run 'pod install' or update your CocoaPods installation.\nEOM\n    exit 1\nfi\n";
			showEnvVarsInLog = 0;
		};
		BAC4277C51214E4CBAF16E3B /* Copy Pods Resources */ = {
			isa = PBXShellScriptBuildPhase;
			buildActionMask = 2147483647;
			files = (
			);
			inputPaths = (
			);
			name = "Copy Pods Resources";
			outputPaths = (
			);
			runOnlyForDeploymentPostprocessing = 0;
			shellPath = /bin/sh;
			shellScript = "\"${SRCROOT}/Pods/Pods-resources.sh\"\n";
			showEnvVarsInLog = 0;
		};
/* End PBXShellScriptBuildPhase section */

/* Begin PBXSourcesBuildPhase section */
		06DCBCB2196E2AFF00E8C9B2 /* Sources */ = {
			isa = PBXSourcesBuildPhase;
			buildActionMask = 2147483647;
			files = (
				06683ADC19AE5F8800D726DE /* GCSharePost.m in Sources */,
				06DCBCFA196EE8EB00E8C9B2 /* PGPingViewController.m in Sources */,
				06DF342D19928D9700509399 /* GCZoomInTrasitionController.m in Sources */,
				0683409F19774AD4007A1AEC /* PGProgressHUD.m in Sources */,
				06B56151197423AE00E92A92 /* PGProfileViewController.m in Sources */,
				06DF3431199294D600509399 /* GCZoomOutTransitionController.m in Sources */,
				06DCBD2719707A1E00E8C9B2 /* PGFeedHeader.m in Sources */,
				06654AE6197DBABA0014FA74 /* PGFindFriendsViewController.m in Sources */,
				06DF343419993ED600509399 /* UIView+HidingView.m in Sources */,
				067A140C1980BD0200D9EF2B /* GCUsersListViewController.m in Sources */,
				06DCBD14196F404C00E8C9B2 /* WebViewController.m in Sources */,
				06DCBD2E1970886A00E8C9B2 /* InAppNotificationTapListener.m in Sources */,
				068340A4197810A9007A1AEC /* PGSignupViewController.m in Sources */,
				06DCBD2F1970886A00E8C9B2 /* InAppNotificationView.m in Sources */,
				068340B519784572007A1AEC /* PGActivityViewController.m in Sources */,
				068340AD19782FC2007A1AEC /* PGSearchUserTableViewCell.m in Sources */,
				068340AA197826FD007A1AEC /* PGSearchViewController.m in Sources */,
				06654AEC197EBBDF0014FA74 /* PGSendPingViewController.m in Sources */,
				06DCBCF4196EE40600E8C9B2 /* PGCamViewController.m in Sources */,
				06DCBCF1196EDDFA00E8C9B2 /* PGTabViewController.m in Sources */,
				06DCBCF7196EE41800E8C9B2 /* AVCamPreviewView.m in Sources */,
				06DCBD09196F2A5900E8C9B2 /* UIViewController+Transitions.m in Sources */,
				068340B8197850AF007A1AEC /* PGActivityTableViewCell.m in Sources */,
				06DCBD0C196F2E0500E8C9B2 /* UIView+Animate.m in Sources */,
				06DCBD03196F063400E8C9B2 /* PGFeedViewController.m in Sources */,
				06654AE0197DB1860014FA74 /* PGFramesButton.m in Sources */,
				06DCBD06196F07C500E8C9B2 /* PGFeedTableViewCell.m in Sources */,
				06B561641975B04B00E92A92 /* UIImage+animatedGIF.m in Sources */,
				06DCBCC6196E2AFF00E8C9B2 /* main.m in Sources */,
				068340A7197810B0007A1AEC /* PGLoginViewController.m in Sources */,
				06B561541974425D00E92A92 /* PGFeedTableView.m in Sources */,
				068340BB1979688B007A1AEC /* UIImage+MyUIImage.m in Sources */,
				068340B119783750007A1AEC /* PGParseHelper.m in Sources */,
				06DCBCD0196E2AFF00E8C9B2 /* PGTutorialViewController.m in Sources */,
				06DCBCCA196E2AFF00E8C9B2 /* PGAppDelegate.m in Sources */,
				064CD86A199D5E52007837A6 /* DRDynamicSlideShow.m in Sources */,
				06AE7EDD19B7B692001FE651 /* GAI+MyGAITracker.m in Sources */,
				06654AE9197DBE740014FA74 /* PGFindFriendsTableViewCell.m in Sources */,
				06DCBD13196F404C00E8C9B2 /* PGSettingsViewController.m in Sources */,
				06DCBD17196F421400E8C9B2 /* UIDevice-Hardware.m in Sources */,
			);
			runOnlyForDeploymentPostprocessing = 0;
		};
/* End PBXSourcesBuildPhase section */

/* Begin PBXVariantGroup section */
		06DCBCC2196E2AFF00E8C9B2 /* InfoPlist.strings */ = {
			isa = PBXVariantGroup;
			children = (
				06DCBCC3196E2AFF00E8C9B2 /* en */,
			);
			name = InfoPlist.strings;
			sourceTree = "<group>";
		};
		06DCBCCB196E2AFF00E8C9B2 /* Main.storyboard */ = {
			isa = PBXVariantGroup;
			children = (
				06DCBCCC196E2AFF00E8C9B2 /* Base */,
			);
			name = Main.storyboard;
			sourceTree = "<group>";
		};
/* End PBXVariantGroup section */

/* Begin XCBuildConfiguration section */
		06DCBCE6196E2AFF00E8C9B2 /* Debug */ = {
			isa = XCBuildConfiguration;
			buildSettings = {
				ALWAYS_SEARCH_USER_PATHS = NO;
				CLANG_CXX_LANGUAGE_STANDARD = "gnu++0x";
				CLANG_CXX_LIBRARY = "libc++";
				CLANG_ENABLE_MODULES = YES;
				CLANG_ENABLE_OBJC_ARC = YES;
				CLANG_WARN_BOOL_CONVERSION = YES;
				CLANG_WARN_CONSTANT_CONVERSION = YES;
				CLANG_WARN_DIRECT_OBJC_ISA_USAGE = YES_ERROR;
				CLANG_WARN_EMPTY_BODY = YES;
				CLANG_WARN_ENUM_CONVERSION = YES;
				CLANG_WARN_INT_CONVERSION = YES;
				CLANG_WARN_OBJC_ROOT_CLASS = YES_ERROR;
				CLANG_WARN__DUPLICATE_METHOD_MATCH = YES;
				CODE_SIGN_IDENTITY = "iPhone Distribution: appikon software private limited (CEBY93VF85)";
				"CODE_SIGN_IDENTITY[sdk=iphoneos*]" = "iPhone Distribution: appikon software private limited (CEBY93VF85)";
				COPY_PHASE_STRIP = NO;
				GCC_C_LANGUAGE_STANDARD = gnu99;
				GCC_DYNAMIC_NO_PIC = NO;
				GCC_OPTIMIZATION_LEVEL = 0;
				GCC_PREPROCESSOR_DEFINITIONS = (
					"DEBUG=1",
					"$(inherited)",
				);
				GCC_SYMBOLS_PRIVATE_EXTERN = NO;
				GCC_WARN_64_TO_32_BIT_CONVERSION = YES;
				GCC_WARN_ABOUT_RETURN_TYPE = YES_ERROR;
				GCC_WARN_UNDECLARED_SELECTOR = YES;
				GCC_WARN_UNINITIALIZED_AUTOS = YES_AGGRESSIVE;
				GCC_WARN_UNUSED_FUNCTION = YES;
				GCC_WARN_UNUSED_VARIABLE = YES;
				IPHONEOS_DEPLOYMENT_TARGET = 7.1;
				ONLY_ACTIVE_ARCH = YES;
				PROVISIONING_PROFILE = "6AE1C1C6-9770-43A1-9248-E4F2143A02D3";
				SDKROOT = iphoneos;
			};
			name = Debug;
		};
		06DCBCE7196E2AFF00E8C9B2 /* Release */ = {
			isa = XCBuildConfiguration;
			buildSettings = {
				ALWAYS_SEARCH_USER_PATHS = NO;
				CLANG_CXX_LANGUAGE_STANDARD = "gnu++0x";
				CLANG_CXX_LIBRARY = "libc++";
				CLANG_ENABLE_MODULES = YES;
				CLANG_ENABLE_OBJC_ARC = YES;
				CLANG_WARN_BOOL_CONVERSION = YES;
				CLANG_WARN_CONSTANT_CONVERSION = YES;
				CLANG_WARN_DIRECT_OBJC_ISA_USAGE = YES_ERROR;
				CLANG_WARN_EMPTY_BODY = YES;
				CLANG_WARN_ENUM_CONVERSION = YES;
				CLANG_WARN_INT_CONVERSION = YES;
				CLANG_WARN_OBJC_ROOT_CLASS = YES_ERROR;
				CLANG_WARN__DUPLICATE_METHOD_MATCH = YES;
				"CODE_SIGN_IDENTITY[sdk=iphoneos*]" = "iPhone Developer";
				COPY_PHASE_STRIP = YES;
				ENABLE_NS_ASSERTIONS = NO;
				GCC_C_LANGUAGE_STANDARD = gnu99;
				GCC_WARN_64_TO_32_BIT_CONVERSION = YES;
				GCC_WARN_ABOUT_RETURN_TYPE = YES_ERROR;
				GCC_WARN_UNDECLARED_SELECTOR = YES;
				GCC_WARN_UNINITIALIZED_AUTOS = YES_AGGRESSIVE;
				GCC_WARN_UNUSED_FUNCTION = YES;
				GCC_WARN_UNUSED_VARIABLE = YES;
				IPHONEOS_DEPLOYMENT_TARGET = 7.1;
				SDKROOT = iphoneos;
				VALIDATE_PRODUCT = YES;
			};
			name = Release;
		};
		06DCBCE9196E2AFF00E8C9B2 /* Debug */ = {
			isa = XCBuildConfiguration;
			baseConfigurationReference = C3EC4F2809A54D8D8F1E8EBE /* Pods.xcconfig */;
			buildSettings = {
				ASSETCATALOG_COMPILER_APPICON_NAME = AppIcon;
				ASSETCATALOG_COMPILER_LAUNCHIMAGE_NAME = LaunchImage;
				CODE_SIGN_IDENTITY = "";
				"CODE_SIGN_IDENTITY[sdk=iphoneos*]" = "";
				FRAMEWORK_SEARCH_PATHS = (
					"$(inherited)",
					"$(PROJECT_DIR)",
					"$(PROJECT_DIR)/parse-library-1.2.21",
				);
				GCC_PRECOMPILE_PREFIX_HEADER = YES;
				GCC_PREFIX_HEADER = "GoCandid/GoCandid-Prefix.pch";
				INFOPLIST_FILE = "GoCandid/GoCandid-Info.plist";
				IPHONEOS_DEPLOYMENT_TARGET = 7.0;
				PRODUCT_NAME = GoCandid;
				PROVISIONING_PROFILE = "8B1BD77C-9B5A-4949-88E4-0B5D625875AC";
				WRAPPER_EXTENSION = app;
			};
			name = Debug;
		};
		06DCBCEA196E2AFF00E8C9B2 /* Release */ = {
			isa = XCBuildConfiguration;
			baseConfigurationReference = C3EC4F2809A54D8D8F1E8EBE /* Pods.xcconfig */;
			buildSettings = {
				ASSETCATALOG_COMPILER_APPICON_NAME = AppIcon;
				ASSETCATALOG_COMPILER_LAUNCHIMAGE_NAME = LaunchImage;
				CODE_SIGN_IDENTITY = "";
				"CODE_SIGN_IDENTITY[sdk=iphoneos*]" = "";
				FRAMEWORK_SEARCH_PATHS = (
					"$(inherited)",
					"$(PROJECT_DIR)",
					"$(PROJECT_DIR)/parse-library-1.2.21",
				);
				GCC_PRECOMPILE_PREFIX_HEADER = YES;
				GCC_PREFIX_HEADER = "GoCandid/GoCandid-Prefix.pch";
				INFOPLIST_FILE = "GoCandid/GoCandid-Info.plist";
				IPHONEOS_DEPLOYMENT_TARGET = 7.0;
				PRODUCT_NAME = GoCandid;
				PROVISIONING_PROFILE = "271ADBD1-0F08-47FA-AB75-69EF809C8A7F";
				WRAPPER_EXTENSION = app;
			};
			name = Release;
		};
/* End XCBuildConfiguration section */

/* Begin XCConfigurationList section */
		06DCBCB1196E2AFF00E8C9B2 /* Build configuration list for PBXProject "GoCandid" */ = {
			isa = XCConfigurationList;
			buildConfigurations = (
				06DCBCE6196E2AFF00E8C9B2 /* Debug */,
				06DCBCE7196E2AFF00E8C9B2 /* Release */,
			);
			defaultConfigurationIsVisible = 0;
			defaultConfigurationName = Release;
		};
		06DCBCE8196E2AFF00E8C9B2 /* Build configuration list for PBXNativeTarget "GoCandid" */ = {
			isa = XCConfigurationList;
			buildConfigurations = (
				06DCBCE9196E2AFF00E8C9B2 /* Debug */,
				06DCBCEA196E2AFF00E8C9B2 /* Release */,
			);
			defaultConfigurationIsVisible = 0;
			defaultConfigurationName = Release;
		};
/* End XCConfigurationList section */
	};
	rootObject = 06DCBCAE196E2AFF00E8C9B2 /* Project object */;
}
