PODS:
  - AFNetworking (2.2.4):
    - AFNetworking/NSURLConnection
    - AFNetworking/NSURLSession
    - AFNetworking/Reachability
    - AFNetworking/Security
    - AFNetworking/Serialization
    - AFNetworking/UIKit
  - AFNetworking/NSURLConnection (2.2.4):
    - AFNetworking/Reachability
    - AFNetworking/Security
    - AFNetworking/Serialization
  - AFNetworking/NSURLSession (2.2.4):
    - AFNetworking/NSURLConnection
  - AFNetworking/Reachability (2.2.4)
  - AFNetworking/Security (2.2.4)
  - AFNetworking/Serialization (2.2.4)
  - AFNetworking/UIKit (2.2.4):
    - AFNetworking/NSURLConnection
    - AFNetworking/NSURLSession
  - BFPaperButton (1.2.9):
    - UIColor+BFPaperColors
  - Bolts (1.1.1)
  - DACircularProgress (2.2.0)
  - DZNEmptyDataSet (1.4.1)
  - DZNPhotoPickerController (1.5):
    - AFNetworking (~> 2.3.1)
    - DZNEmptyDataSet
    - DZNPhotoPickerController/UIImagePickerControllerExtended
    - DZNPhotoPickerController/UIImagePickerControllerExtended
    - SDWebImage (~> 3.7)
  - DZNPhotoPickerController/UIImagePickerControllerExtended (1.5):
    - AFNetworking (~> 2.3.1)
    - DZNEmptyDataSet
    - DZNPhotoPickerController/UIImagePickerControllerExtended
    - SDWebImage (~> 3.7)
  - Facebook-iOS-SDK (3.16.2):
    - Bolts
  - FormatterKit (1.4.3):
    - FormatterKit/AddressFormatter
    - FormatterKit/ArrayFormatter
    - FormatterKit/ColorFormatter
    - FormatterKit/LocationFormatter
    - FormatterKit/OrdinalNumberFormatter
    - FormatterKit/TimeIntervalFormatter
    - FormatterKit/UnitOfInformationFormatter
    - FormatterKit/URLRequestFormatter
  - FormatterKit/AddressFormatter (1.4.3)
  - FormatterKit/ArrayFormatter (1.4.3)
  - FormatterKit/ColorFormatter (1.4.3)
  - FormatterKit/LocationFormatter (1.4.3)
  - FormatterKit/OrdinalNumberFormatter (1.4.3)
  - FormatterKit/TimeIntervalFormatter (1.4.3)
  - FormatterKit/UnitOfInformationFormatter (1.4.3)
  - FormatterKit/URLRequestFormatter (1.4.3)
  - GTScrollNavigationBar (0.1.1)
  - IDMPhotoBrowser (1.3.5):
    - AFNetworking (~> 2.2.3)
    - DACircularProgress (~> 2.2)
    - SVProgressHUD (~> 1.0)
  - iOS-Hierarchy-Viewer (1.4.7)
  - iRate (1.9.3)
  - MBProgressHUD (0.8)
  - Parse (1.2.20):
    - Facebook-iOS-SDK (~> 3.11)
  - pop (1.0.6)
  - SDWebImage (3.7.1):
    - SDWebImage/Core
  - SDWebImage/Core (3.7.1)
  - STZPullToRefresh (0.0.1)
  - SVProgressHUD (1.0)
  - UIActionSheet+Blocks (0.8.1)
  - UIColor+BFPaperColors (1.1)
  - UITableView-NXEmptyView (0.1.6)
  - ZGParallelView (0.1.6)

DEPENDENCIES:
  - AFNetworking
  - BFPaperButton
  - DZNPhotoPickerController
  - FormatterKit (~> 1.4.2)
  - GTScrollNavigationBar (~> 0.1.1)
  - IDMPhotoBrowser
  - IDMPhotoBrowser (~> 1.3.5)
  - iOS-Hierarchy-Viewer (~> 1.4.7)
  - iRate (~> 1.9.3)
  - MBProgressHUD (~> 0.8)
  - Parse (~> 1.2.9)
  - pop (~> 1.0.4)
  - STZPullToRefresh (~> 0.0.1)
  - UIActionSheet+Blocks (~> 0.8.1)
  - UITableView-NXEmptyView
  - ZGParallelView (~> 0.1.6)

SPEC CHECKSUMS:
  AFNetworking: ab63e259fe91eef4519b371ef0a4955af0e73e64
  BFPaperButton: 8fb7d157a72a36c9595e40e3831288253b3eae30
  Bolts: 0ca796081c3e7c139bd86d6903c27f1b83036a5d
  DACircularProgress: 3b41941891a56dc6aa17971f5322a9a38a6f446e
  DZNEmptyDataSet: 381e880cb3bb2d33885cb0325218443df265bc98
  DZNPhotoPickerController: 3d7428991e2604939fc56e581693d61d29138186
  Facebook-iOS-SDK: 34eef640c2cc4c8618ba0f574ad2b290e07f1b4e
  FormatterKit: f744aa7928003eba8317d6fd6998414fbc78f7a5
  GTScrollNavigationBar: 60392a5cc551047d0471e5693d06f68d4c1bd77b
  IDMPhotoBrowser: d691bcdf470553e165f8eb982c5cd8e9a58bcdef
  iOS-Hierarchy-Viewer: f795abaeb8ccec8f652abd0891c396ad77d211d3
  iRate: 34b63a5e9dabcd26a5cf573d872ebb366802d63d
  MBProgressHUD: c356980b0cd097f19acec959b49dca5eb8ec31be
  Parse: 28c0dc54f30201a369d29a2f76c09fa43b2add16
  pop: e518794da38942c05255eb64b36d894e70cb4f00
  SDWebImage: 116e88633b5b416ea0ca4b334a4ac59cf72dd38d
  STZPullToRefresh: 1dc4ff1654b0a0384bc53e995eace3a782b5abf7
  SVProgressHUD: 5034c6e22b8c2ca3e09402e48d41ed0340aa1c50
  UIActionSheet+Blocks: c8b9c02f3d08964e8f7a4202f004a639c15eab80
  UIColor+BFPaperColors: 1245016a9cf4f2c1c7c03c90d40869dab5bebf4a
  UITableView-NXEmptyView: 4322b391d08f8272e4f1860e4a182eba300d05dd
  ZGParallelView: 2a1892aaf7ed87b690be3be8ee6d0d05d23353b2

COCOAPODS: 0.33.1
